// !$*UTF8*$!
{
	archiveVersion = 1;
	classes = {
	};
	objectVersion = 56;
	objects = {

/* Begin PBXBuildFile section */
		AD8168F92A0928EA00341BB7 /* GuessTheFlagApp.swift in Sources */ = {isa = PBXBuildFile; fileRef = AD8168F82A0928EA00341BB7 /* GuessTheFlagApp.swift */; };
		AD8168FD2A0928EF00341BB7 /* Assets.xcassets in Resources */ = {isa = PBXBuildFile; fileRef = AD8168FC2A0928EF00341BB7 /* Assets.xcassets */; };
		AD8169002A0928EF00341BB7 /* Preview Assets.xcassets in Resources */ = {isa = PBXBuildFile; fileRef = AD8168FF2A0928EF00341BB7 /* Preview Assets.xcassets */; };
		AD8169072A0929DB00341BB7 /* GuessFlagView.swift in Sources */ = {isa = PBXBuildFile; fileRef = AD8169062A0929DB00341BB7 /* GuessFlagView.swift */; };
		AD8169092A092FF000341BB7 /* Resources.swift in Sources */ = {isa = PBXBuildFile; fileRef = AD8169082A092FF000341BB7 /* Resources.swift */; };
		AD81690B2A09311B00341BB7 /* FlagView.swift in Sources */ = {isa = PBXBuildFile; fileRef = AD81690A2A09311B00341BB7 /* FlagView.swift */; };
		AD81690D2A09396500341BB7 /* Countries.swift in Sources */ = {isa = PBXBuildFile; fileRef = AD81690C2A09396500341BB7 /* Countries.swift */; };
		AD8169152A0950FF00341BB7 /* LaunchScreen.storyboard in Resources */ = {isa = PBXBuildFile; fileRef = AD8169142A0950FF00341BB7 /* LaunchScreen.storyboard */; };
		AD81691B2A29CB9500341BB7 /* ConfettiView.swift in Sources */ = {isa = PBXBuildFile; fileRef = AD81691A2A29CB9500341BB7 /* ConfettiView.swift */; };
		AD8169212A2EF84200341BB7 /* Lottie in Frameworks */ = {isa = PBXBuildFile; productRef = AD8169202A2EF84200341BB7 /* Lottie */; };
		ADD65D432A2F359D00D6A910 /* confetti.json in Resources */ = {isa = PBXBuildFile; fileRef = ADD65D422A2F359D00D6A910 /* confetti.json */; };
/* End PBXBuildFile section */

/* Begin PBXFileReference section */
		AD8168F52A0928EA00341BB7 /* GuessTheFlag.app */ = {isa = PBXFileReference; explicitFileType = wrapper.application; includeInIndex = 0; path = GuessTheFlag.app; sourceTree = BUILT_PRODUCTS_DIR; };
		AD8168F82A0928EA00341BB7 /* GuessTheFlagApp.swift */ = {isa = PBXFileReference; lastKnownFileType = sourcecode.swift; path = GuessTheFlagApp.swift; sourceTree = "<group>"; };
		AD8168FC2A0928EF00341BB7 /* Assets.xcassets */ = {isa = PBXFileReference; lastKnownFileType = folder.assetcatalog; path = Assets.xcassets; sourceTree = "<group>"; };
		AD8168FF2A0928EF00341BB7 /* Preview Assets.xcassets */ = {isa = PBXFileReference; lastKnownFileType = folder.assetcatalog; path = "Preview Assets.xcassets"; sourceTree = "<group>"; };
		AD8169062A0929DB00341BB7 /* GuessFlagView.swift */ = {isa = PBXFileReference; lastKnownFileType = sourcecode.swift; path = GuessFlagView.swift; sourceTree = "<group>"; };
		AD8169082A092FF000341BB7 /* Resources.swift */ = {isa = PBXFileReference; lastKnownFileType = sourcecode.swift; path = Resources.swift; sourceTree = "<group>"; };
		AD81690A2A09311B00341BB7 /* FlagView.swift */ = {isa = PBXFileReference; lastKnownFileType = sourcecode.swift; path = FlagView.swift; sourceTree = "<group>"; };
		AD81690C2A09396500341BB7 /* Countries.swift */ = {isa = PBXFileReference; lastKnownFileType = sourcecode.swift; path = Countries.swift; sourceTree = "<group>"; };
		AD8169132A094F2D00341BB7 /* Info.plist */ = {isa = PBXFileReference; lastKnownFileType = text.plist.xml; path = Info.plist; sourceTree = "<group>"; };
		AD8169142A0950FF00341BB7 /* LaunchScreen.storyboard */ = {isa = PBXFileReference; lastKnownFileType = file.storyboard; path = LaunchScreen.storyboard; sourceTree = "<group>"; };
		AD81691A2A29CB9500341BB7 /* ConfettiView.swift */ = {isa = PBXFileReference; lastKnownFileType = sourcecode.swift; path = ConfettiView.swift; sourceTree = "<group>"; };
		ADD65D422A2F359D00D6A910 /* confetti.json */ = {isa = PBXFileReference; fileEncoding = 4; lastKnownFileType = text.json; name = confetti.json; path = ../../../../../Downloads/confetti.json; sourceTree = "<group>"; };
/* End PBXFileReference section */

/* Begin PBXFrameworksBuildPhase section */
		AD8168F22A0928EA00341BB7 /* Frameworks */ = {
			isa = PBXFrameworksBuildPhase;
			buildActionMask = 2147483647;
			files = (
				AD8169212A2EF84200341BB7 /* Lottie in Frameworks */,
			);
			runOnlyForDeploymentPostprocessing = 0;
		};
/* End PBXFrameworksBuildPhase section */

/* Begin PBXGroup section */
		AD8168EC2A0928EA00341BB7 = {
			isa = PBXGroup;
			children = (
				AD8168F72A0928EA00341BB7 /* GuessTheFlag */,
				AD8168F62A0928EA00341BB7 /* Products */,
			);
			sourceTree = "<group>";
		};
		AD8168F62A0928EA00341BB7 /* Products */ = {
			isa = PBXGroup;
			children = (
				AD8168F52A0928EA00341BB7 /* GuessTheFlag.app */,
			);
			name = Products;
			sourceTree = "<group>";
		};
		AD8168F72A0928EA00341BB7 /* GuessTheFlag */ = {
			isa = PBXGroup;
			children = (
				AD8168F82A0928EA00341BB7 /* GuessTheFlagApp.swift */,
				AD8169102A09484600341BB7 /* Models */,
				AD8169112A09491C00341BB7 /* Views */,
				AD8169162A09529800341BB7 /* Resources */,
				AD8168FE2A0928EF00341BB7 /* Preview Content */,
			);
			path = GuessTheFlag;
			sourceTree = "<group>";
		};
		AD8168FE2A0928EF00341BB7 /* Preview Content */ = {
			isa = PBXGroup;
			children = (
				AD8168FF2A0928EF00341BB7 /* Preview Assets.xcassets */,
			);
			path = "Preview Content";
			sourceTree = "<group>";
		};
		AD8169102A09484600341BB7 /* Models */ = {
			isa = PBXGroup;
			children = (
				AD81690C2A09396500341BB7 /* Countries.swift */,
			);
			path = Models;
			sourceTree = "<group>";
		};
		AD8169112A09491C00341BB7 /* Views */ = {
			isa = PBXGroup;
			children = (
				AD8169122A094C9500341BB7 /* Components */,
				AD8169062A0929DB00341BB7 /* GuessFlagView.swift */,
			);
			path = Views;
			sourceTree = "<group>";
		};
		AD8169122A094C9500341BB7 /* Components */ = {
			isa = PBXGroup;
			children = (
				ADD65D422A2F359D00D6A910 /* confetti.json */,
				AD81690A2A09311B00341BB7 /* FlagView.swift */,
				AD81691A2A29CB9500341BB7 /* ConfettiView.swift */,
			);
			path = Components;
			sourceTree = "<group>";
		};
		AD8169162A09529800341BB7 /* Resources */ = {
			isa = PBXGroup;
			children = (
				AD8169082A092FF000341BB7 /* Resources.swift */,
				AD8168FC2A0928EF00341BB7 /* Assets.xcassets */,
				AD8169142A0950FF00341BB7 /* LaunchScreen.storyboard */,
				AD8169132A094F2D00341BB7 /* Info.plist */,
			);
			path = Resources;
			sourceTree = "<group>";
		};
/* End PBXGroup section */

/* Begin PBXNativeTarget section */
		AD8168F42A0928EA00341BB7 /* GuessTheFlag */ = {
			isa = PBXNativeTarget;
			buildConfigurationList = AD8169032A0928EF00341BB7 /* Build configuration list for PBXNativeTarget "GuessTheFlag" */;
			buildPhases = (
				AD8168F12A0928EA00341BB7 /* Sources */,
				AD8168F22A0928EA00341BB7 /* Frameworks */,
				AD8168F32A0928EA00341BB7 /* Resources */,
			);
			buildRules = (
			);
			dependencies = (
			);
			name = GuessTheFlag;
			packageProductDependencies = (
				AD8169202A2EF84200341BB7 /* Lottie */,
			);
			productName = GuessTheFlag;
			productReference = AD8168F52A0928EA00341BB7 /* GuessTheFlag.app */;
			productType = "com.apple.product-type.application";
		};
/* End PBXNativeTarget section */

/* Begin PBXProject section */
		AD8168ED2A0928EA00341BB7 /* Project object */ = {
			isa = PBXProject;
			attributes = {
				BuildIndependentTargetsInParallel = 1;
				LastSwiftUpdateCheck = 1420;
				LastUpgradeCheck = 1420;
				TargetAttributes = {
					AD8168F42A0928EA00341BB7 = {
						CreatedOnToolsVersion = 14.2;
					};
				};
			};
			buildConfigurationList = AD8168F02A0928EA00341BB7 /* Build configuration list for PBXProject "GuessTheFlag" */;
			compatibilityVersion = "Xcode 14.0";
			developmentRegion = en;
			hasScannedForEncodings = 0;
			knownRegions = (
				en,
				Base,
			);
			mainGroup = AD8168EC2A0928EA00341BB7;
			packageReferences = (
				AD81691F2A2EF84200341BB7 /* XCRemoteSwiftPackageReference "lottie-spm" */,
			);
			productRefGroup = AD8168F62A0928EA00341BB7 /* Products */;
			projectDirPath = "";
			projectRoot = "";
			targets = (
				AD8168F42A0928EA00341BB7 /* GuessTheFlag */,
			);
		};
/* End PBXProject section */

/* Begin PBXResourcesBuildPhase section */
		AD8168F32A0928EA00341BB7 /* Resources */ = {
			isa = PBXResourcesBuildPhase;
			buildActionMask = 2147483647;
			files = (
				AD8169152A0950FF00341BB7 /* LaunchScreen.storyboard in Resources */,
				AD8169002A0928EF00341BB7 /* Preview Assets.xcassets in Resources */,
				ADD65D432A2F359D00D6A910 /* confetti.json in Resources */,
				AD8168FD2A0928EF00341BB7 /* Assets.xcassets in Resources */,
			);
			runOnlyForDeploymentPostprocessing = 0;
		};
/* End PBXResourcesBuildPhase section */

/* Begin PBXSourcesBuildPhase section */
		AD8168F12A0928EA00341BB7 /* Sources */ = {
			isa = PBXSourcesBuildPhase;
			buildActionMask = 2147483647;
			files = (
				AD81690D2A09396500341BB7 /* Countries.swift in Sources */,
				AD8169092A092FF000341BB7 /* Resources.swift in Sources */,
				AD8169072A0929DB00341BB7 /* GuessFlagView.swift in Sources */,
				AD81691B2A29CB9500341BB7 /* ConfettiView.swift in Sources */,
				AD81690B2A09311B00341BB7 /* FlagView.swift in Sources */,
				AD8168F92A0928EA00341BB7 /* GuessTheFlagApp.swift in Sources */,
			);
			runOnlyForDeploymentPostprocessing = 0;
		};
/* End PBXSourcesBuildPhase section */

/* Begin XCBuildConfiguration section */
		AD8169012A0928EF00341BB7 /* Debug */ = {
			isa = XCBuildConfiguration;
			buildSettings = {
				ALWAYS_SEARCH_USER_PATHS = NO;
				CLANG_ANALYZER_NONNULL = YES;
				CLANG_ANALYZER_NUMBER_OBJECT_CONVERSION = YES_AGGRESSIVE;
				CLANG_CXX_LANGUAGE_STANDARD = "gnu++20";
				CLANG_ENABLE_MODULES = YES;
				CLANG_ENABLE_OBJC_ARC = YES;
				CLANG_ENABLE_OBJC_WEAK = YES;
				CLANG_WARN_BLOCK_CAPTURE_AUTORELEASING = YES;
				CLANG_WARN_BOOL_CONVERSION = YES;
				CLANG_WARN_COMMA = YES;
				CLANG_WARN_CONSTANT_CONVERSION = YES;
				CLANG_WARN_DEPRECATED_OBJC_IMPLEMENTATIONS = YES;
				CLANG_WARN_DIRECT_OBJC_ISA_USAGE = YES_ERROR;
				CLANG_WARN_DOCUMENTATION_COMMENTS = YES;
				CLANG_WARN_EMPTY_BODY = YES;
				CLANG_WARN_ENUM_CONVERSION = YES;
				CLANG_WARN_INFINITE_RECURSION = YES;
				CLANG_WARN_INT_CONVERSION = YES;
				CLANG_WARN_NON_LITERAL_NULL_CONVERSION = YES;
				CLANG_WARN_OBJC_IMPLICIT_RETAIN_SELF = YES;
				CLANG_WARN_OBJC_LITERAL_CONVERSION = YES;
				CLANG_WARN_OBJC_ROOT_CLASS = YES_ERROR;
				CLANG_WARN_QUOTED_INCLUDE_IN_FRAMEWORK_HEADER = YES;
				CLANG_WARN_RANGE_LOOP_ANALYSIS = YES;
				CLANG_WARN_STRICT_PROTOTYPES = YES;
				CLANG_WARN_SUSPICIOUS_MOVE = YES;
				CLANG_WARN_UNGUARDED_AVAILABILITY = YES_AGGRESSIVE;
				CLANG_WARN_UNREACHABLE_CODE = YES;
				CLANG_WARN__DUPLICATE_METHOD_MATCH = YES;
				COPY_PHASE_STRIP = NO;
				DEBUG_INFORMATION_FORMAT = dwarf;
				ENABLE_STRICT_OBJC_MSGSEND = YES;
				ENABLE_TESTABILITY = YES;
				GCC_C_LANGUAGE_STANDARD = gnu11;
				GCC_DYNAMIC_NO_PIC = NO;
				GCC_NO_COMMON_BLOCKS = YES;
				GCC_OPTIMIZATION_LEVEL = 0;
				GCC_PREPROCESSOR_DEFINITIONS = (
					"DEBUG=1",
					"$(inherited)",
				);
				GCC_WARN_64_TO_32_BIT_CONVERSION = YES;
				GCC_WARN_ABOUT_RETURN_TYPE = YES_ERROR;
				GCC_WARN_UNDECLARED_SELECTOR = YES;
				GCC_WARN_UNINITIALIZED_AUTOS = YES_AGGRESSIVE;
				GCC_WARN_UNUSED_FUNCTION = YES;
				GCC_WARN_UNUSED_VARIABLE = YES;
				IPHONEOS_DEPLOYMENT_TARGET = 16.2;
				MTL_ENABLE_DEBUG_INFO = INCLUDE_SOURCE;
				MTL_FAST_MATH = YES;
				ONLY_ACTIVE_ARCH = YES;
				SDKROOT = iphoneos;
				SWIFT_ACTIVE_COMPILATION_CONDITIONS = DEBUG;
				SWIFT_OPTIMIZATION_LEVEL = "-Onone";
			};
			name = Debug;
		};
		AD8169022A0928EF00341BB7 /* Release */ = {
			isa = XCBuildConfiguration;
			buildSettings = {
				ALWAYS_SEARCH_USER_PATHS = NO;
				CLANG_ANALYZER_NONNULL = YES;
				CLANG_ANALYZER_NUMBER_OBJECT_CONVERSION = YES_AGGRESSIVE;
				CLANG_CXX_LANGUAGE_STANDARD = "gnu++20";
				CLANG_ENABLE_MODULES = YES;
				CLANG_ENABLE_OBJC_ARC = YES;
				CLANG_ENABLE_OBJC_WEAK = YES;
				CLANG_WARN_BLOCK_CAPTURE_AUTORELEASING = YES;
				CLANG_WARN_BOOL_CONVERSION = YES;
				CLANG_WARN_COMMA = YES;
				CLANG_WARN_CONSTANT_CONVERSION = YES;
				CLANG_WARN_DEPRECATED_OBJC_IMPLEMENTATIONS = YES;
				CLANG_WARN_DIRECT_OBJC_ISA_USAGE = YES_ERROR;
				CLANG_WARN_DOCUMENTATION_COMMENTS = YES;
				CLANG_WARN_EMPTY_BODY = YES;
				CLANG_WARN_ENUM_CONVERSION = YES;
				CLANG_WARN_INFINITE_RECURSION = YES;
				CLANG_WARN_INT_CONVERSION = YES;
				CLANG_WARN_NON_LITERAL_NULL_CONVERSION = YES;
				CLANG_WARN_OBJC_IMPLICIT_RETAIN_SELF = YES;
				CLANG_WARN_OBJC_LITERAL_CONVERSION = YES;
				CLANG_WARN_OBJC_ROOT_CLASS = YES_ERROR;
				CLANG_WARN_QUOTED_INCLUDE_IN_FRAMEWORK_HEADER = YES;
				CLANG_WARN_RANGE_LOOP_ANALYSIS = YES;
				CLANG_WARN_STRICT_PROTOTYPES = YES;
				CLANG_WARN_SUSPICIOUS_MOVE = YES;
				CLANG_WARN_UNGUARDED_AVAILABILITY = YES_AGGRESSIVE;
				CLANG_WARN_UNREACHABLE_CODE = YES;
				CLANG_WARN__DUPLICATE_METHOD_MATCH = YES;
				COPY_PHASE_STRIP = NO;
				DEBUG_INFORMATION_FORMAT = "dwarf-with-dsym";
				ENABLE_NS_ASSERTIONS = NO;
				ENABLE_STRICT_OBJC_MSGSEND = YES;
				GCC_C_LANGUAGE_STANDARD = gnu11;
				GCC_NO_COMMON_BLOCKS = YES;
				GCC_WARN_64_TO_32_BIT_CONVERSION = YES;
				GCC_WARN_ABOUT_RETURN_TYPE = YES_ERROR;
				GCC_WARN_UNDECLARED_SELECTOR = YES;
				GCC_WARN_UNINITIALIZED_AUTOS = YES_AGGRESSIVE;
				GCC_WARN_UNUSED_FUNCTION = YES;
				GCC_WARN_UNUSED_VARIABLE = YES;
				IPHONEOS_DEPLOYMENT_TARGET = 16.2;
				MTL_ENABLE_DEBUG_INFO = NO;
				MTL_FAST_MATH = YES;
				SDKROOT = iphoneos;
				SWIFT_COMPILATION_MODE = wholemodule;
				SWIFT_OPTIMIZATION_LEVEL = "-O";
				VALIDATE_PRODUCT = YES;
			};
			name = Release;
		};
		AD8169042A0928EF00341BB7 /* Debug */ = {
			isa = XCBuildConfiguration;
			buildSettings = {
				ASSETCATALOG_COMPILER_APPICON_NAME = AppIcon;
				ASSETCATALOG_COMPILER_GLOBAL_ACCENT_COLOR_NAME = AccentColor;
				CODE_SIGN_STYLE = Automatic;
				CURRENT_PROJECT_VERSION = 1;
				DEVELOPMENT_ASSET_PATHS = "\"GuessTheFlag/Preview Content\"";
				DEVELOPMENT_TEAM = D54BGPTYJ7;
				ENABLE_PREVIEWS = YES;
				GENERATE_INFOPLIST_FILE = YES;
				INFOPLIST_FILE = GuessTheFlag/Resources/Info.plist;
				INFOPLIST_KEY_UIApplicationSceneManifest_Generation = YES;
				INFOPLIST_KEY_UIApplicationSupportsIndirectInputEvents = YES;
				INFOPLIST_KEY_UILaunchScreen_Generation = YES;
				INFOPLIST_KEY_UILaunchStoryboardName = LaunchScreen.storyboard;
				INFOPLIST_KEY_UISupportedInterfaceOrientations_iPad = "UIInterfaceOrientationPortrait UIInterfaceOrientationPortraitUpsideDown UIInterfaceOrientationLandscapeLeft UIInterfaceOrientationLandscapeRight";
				INFOPLIST_KEY_UISupportedInterfaceOrientations_iPhone = "UIInterfaceOrientationPortrait UIInterfaceOrientationLandscapeLeft UIInterfaceOrientationLandscapeRight";
				LD_RUNPATH_SEARCH_PATHS = (
					"$(inherited)",
					"@executable_path/Frameworks",
				);
				MARKETING_VERSION = 1.0;
				PRODUCT_BUNDLE_IDENTIFIER = "-.GuessTheFlag";
				PRODUCT_NAME = "$(TARGET_NAME)";
				SWIFT_EMIT_LOC_STRINGS = YES;
				SWIFT_VERSION = 5.0;
				TARGETED_DEVICE_FAMILY = "1,2";
			};
			name = Debug;
		};
		AD8169052A0928EF00341BB7 /* Release */ = {
			isa = XCBuildConfiguration;
			buildSettings = {
				ASSETCATALOG_COMPILER_APPICON_NAME = AppIcon;
				ASSETCATALOG_COMPILER_GLOBAL_ACCENT_COLOR_NAME = AccentColor;
				CODE_SIGN_STYLE = Automatic;
				CURRENT_PROJECT_VERSION = 1;
				DEVELOPMENT_ASSET_PATHS = "\"GuessTheFlag/Preview Content\"";
				DEVELOPMENT_TEAM = D54BGPTYJ7;
				ENABLE_PREVIEWS = YES;
				GENERATE_INFOPLIST_FILE = YES;
				INFOPLIST_FILE = GuessTheFlag/Resources/Info.plist;
				INFOPLIST_KEY_UIApplicationSceneManifest_Generation = YES;
				INFOPLIST_KEY_UIApplicationSupportsIndirectInputEvents = YES;
				INFOPLIST_KEY_UILaunchScreen_Generation = YES;
				INFOPLIST_KEY_UILaunchStoryboardName = LaunchScreen.storyboard;
				INFOPLIST_KEY_UISupportedInterfaceOrientations_iPad = "UIInterfaceOrientationPortrait UIInterfaceOrientationPortraitUpsideDown UIInterfaceOrientationLandscapeLeft UIInterfaceOrientationLandscapeRight";
				INFOPLIST_KEY_UISupportedInterfaceOrientations_iPhone = "UIInterfaceOrientationPortrait UIInterfaceOrientationLandscapeLeft UIInterfaceOrientationLandscapeRight";
				LD_RUNPATH_SEARCH_PATHS = (
					"$(inherited)",
					"@executable_path/Frameworks",
				);
				MARKETING_VERSION = 1.0;
				PRODUCT_BUNDLE_IDENTIFIER = "-.GuessTheFlag";
				PRODUCT_NAME = "$(TARGET_NAME)";
				SWIFT_EMIT_LOC_STRINGS = YES;
				SWIFT_VERSION = 5.0;
				TARGETED_DEVICE_FAMILY = "1,2";
			};
			name = Release;
		};
/* End XCBuildConfiguration section */

/* Begin XCConfigurationList section */
		AD8168F02A0928EA00341BB7 /* Build configuration list for PBXProject "GuessTheFlag" */ = {
			isa = XCConfigurationList;
			buildConfigurations = (
				AD8169012A0928EF00341BB7 /* Debug */,
				AD8169022A0928EF00341BB7 /* Release */,
			);
			defaultConfigurationIsVisible = 0;
			defaultConfigurationName = Release;
		};
		AD8169032A0928EF00341BB7 /* Build configuration list for PBXNativeTarget "GuessTheFlag" */ = {
			isa = XCConfigurationList;
			buildConfigurations = (
				AD8169042A0928EF00341BB7 /* Debug */,
				AD8169052A0928EF00341BB7 /* Release */,
			);
			defaultConfigurationIsVisible = 0;
			defaultConfigurationName = Release;
		};
/* End XCConfigurationList section */

/* Begin XCRemoteSwiftPackageReference section */
		AD81691F2A2EF84200341BB7 /* XCRemoteSwiftPackageReference "lottie-spm" */ = {
			isa = XCRemoteSwiftPackageReference;
			repositoryURL = "https://github.com/airbnb/lottie-spm.git";
			requirement = {
				branch = main;
				kind = branch;
			};
		};
/* End XCRemoteSwiftPackageReference section */

/* Begin XCSwiftPackageProductDependency section */
		AD8169202A2EF84200341BB7 /* Lottie */ = {
			isa = XCSwiftPackageProductDependency;
			package = AD81691F2A2EF84200341BB7 /* XCRemoteSwiftPackageReference "lottie-spm" */;
			productName = Lottie;
		};
/* End XCSwiftPackageProductDependency section */
	};
	rootObject = AD8168ED2A0928EA00341BB7 /* Project object */;
}
